
Microsoft Visual Studio Solution File, Format Version 11.00
# Visual Studio 2010
# SharpDevelop 5.1
Project("{FAE04EC0-301F-11D3-BF4B-00C04F79EFBC}") = "Project01", "Project01\Project01.csproj", "{53C55D41-29AD-4873-AF91-A84ABDEC4FDE}"
EndProject
Global
	GlobalSection(SolutionConfigurationPlatforms) = preSolution
		Debug|Any CPU = Debug|Any CPU
		Release|Any CPU = Release|Any CPU
	EndGlobalSection
	GlobalSection(ProjectConfigurationPlatforms) = postSolution
		{53C55D41-29AD-4873-AF91-A84ABDEC4FDE}.Debug|Any CPU.ActiveCfg = Debug|Any CPU
		{53C55D41-29AD-4873-AF91-A84ABDEC4FDE}.Debug|Any CPU.Build.0 = Debug|Any CPU
		{53C55D41-29AD-4873-AF91-A84ABDEC4FDE}.Release|Any CPU.ActiveCfg = Release|Any CPU
		{53C55D41-29AD-4873-AF91-A84ABDEC4FDE}.Release|Any CPU.Build.0 = Release|Any CPU
	EndGlobalSection
EndGlobal
